
Microsoft Visual Studio Solution File, Format Version 12.00
# Visual Studio Version 17
VisualStudioVersion = 17.14.36212.18 d17.14
MinimumVisualStudioVersion = 10.0.40219.1
Project("{FAE04EC0-301F-11D3-BF4B-00C04F79EFBC}") = "ERPStock.API", "ERPStock.API.csproj", "{646EF1A6-BB78-483F-84C9-93ECF0C59ACC}"
EndProject
Project("{FAE04EC0-301F-11D3-BF4B-00C04F79EFBC}") = "ERPStock.Domain", "..\ERPStock.Domain\ERPStock.Domain.csproj", "{5A238E4A-F706-4751-BA9C-DE1DCB892D65}"
EndProject
Project("{FAE04EC0-301F-11D3-BF4B-00C04F79EFBC}") = "ERPStock.Application", "..\ERPStock.Application\ERPStock.Application.csproj", "{8FE00FDC-6261-4CB5-A9D8-F827D53E43FA}"
EndProject
Project("{FAE04EC0-301F-11D3-BF4B-00C04F79EFBC}") = "ERPStock.Infrastructure", "..\ERPStock.Infrastructure\ERPStock.Infrastructure.csproj", "{9A9776E6-A946-4FC6-A254-9E74E3B11738}"
EndProject
Global
	GlobalSection(SolutionConfigurationPlatforms) = preSolution
		Debug|Any CPU = Debug|Any CPU
		Release|Any CPU = Release|Any CPU
	EndGlobalSection
	GlobalSection(ProjectConfigurationPlatforms) = postSolution
		{646EF1A6-BB78-483F-84C9-93ECF0C59ACC}.Debug|Any CPU.ActiveCfg = Debug|Any CPU
		{646EF1A6-BB78-483F-84C9-93ECF0C59ACC}.Debug|Any CPU.Build.0 = Debug|Any CPU
		{646EF1A6-BB78-483F-84C9-93ECF0C59ACC}.Release|Any CPU.ActiveCfg = Release|Any CPU
		{646EF1A6-BB78-483F-84C9-93ECF0C59ACC}.Release|Any CPU.Build.0 = Release|Any CPU
		{5A238E4A-F706-4751-BA9C-DE1DCB892D65}.Debug|Any CPU.ActiveCfg = Debug|Any CPU
		{5A238E4A-F706-4751-BA9C-DE1DCB892D65}.Debug|Any CPU.Build.0 = Debug|Any CPU
		{5A238E4A-F706-4751-BA9C-DE1DCB892D65}.Release|Any CPU.ActiveCfg = Release|Any CPU
		{5A238E4A-F706-4751-BA9C-DE1DCB892D65}.Release|Any CPU.Build.0 = Release|Any CPU
		{8FE00FDC-6261-4CB5-A9D8-F827D53E43FA}.Debug|Any CPU.ActiveCfg = Debug|Any CPU
		{8FE00FDC-6261-4CB5-A9D8-F827D53E43FA}.Debug|Any CPU.Build.0 = Debug|Any CPU
		{8FE00FDC-6261-4CB5-A9D8-F827D53E43FA}.Release|Any CPU.ActiveCfg = Release|Any CPU
		{8FE00FDC-6261-4CB5-A9D8-F827D53E43FA}.Release|Any CPU.Build.0 = Release|Any CPU
		{9A9776E6-A946-4FC6-A254-9E74E3B11738}.Debug|Any CPU.ActiveCfg = Debug|Any CPU
		{9A9776E6-A946-4FC6-A254-9E74E3B11738}.Debug|Any CPU.Build.0 = Debug|Any CPU
		{9A9776E6-A946-4FC6-A254-9E74E3B11738}.Release|Any CPU.ActiveCfg = Release|Any CPU
		{9A9776E6-A946-4FC6-A254-9E74E3B11738}.Release|Any CPU.Build.0 = Release|Any CPU
	EndGlobalSection
	GlobalSection(SolutionProperties) = preSolution
		HideSolutionNode = FALSE
	EndGlobalSection
	GlobalSection(ExtensibilityGlobals) = postSolution
		SolutionGuid = {532AC37B-3D47-4D59-869D-5CFCB174BC3D}
	EndGlobalSection
EndGlobal
